github.com/andrewz1/xbuf v0.0.1 h1:mHEvuooIotKoik1TE1yjpy0fVO633h8woWiDQ+aiG/E=
github.com/andrewz1/xbuf v0.0.1/go.mod h1:8po7+wIkQL9fxf+/miJAaZurV5XMww/iBGum/6nGBw8=
github.com/andrewz1/xnet v0.0.1 h1:qX0inm7iS3KHFiVUcez1KgeOlOtge2hmTt6yMFPYim0=
github.com/andrewz1/xnet v0.0.1/go.mod h1:YQY/vH7cn5VYu3DjPzLbd82Ssk2NMUFmA9/thfG80ws=
